{
  "originHash" : "a9130e8c63b5b4d7aea0444faaef235c92f9d719349f55b204cf5c23047222e6",
  "pins" : [
    {
      "identity" : "grdb.swift",
      "kind" : "remoteSourceControl",
      "location" : "https://github.com/groue/GRDB.swift",
      "state" : {
        "revision" : "b83108d10f42680d78f23fe4d4d80fc88dab3212",
        "version" : "7.11.1"
      }
    },
    {
      "identity" : "parso-audio-engine",
      "kind" : "remoteSourceControl",
      "location" : "https://github.com/johnarleyburns/parso-audio-engine.git",
      "state" : {
        "revision" : "bd1fd012b7c862db1250b60372d8d414e43b1372",
        "version" : "1.2.1"
      }
    }
  ],
  "version" : 3
}
