{
  "originHash" : "f5b5d2b5ff2d25f73830e7b929600549b1d515f2be48cc5043fcba44ef56f0bf",
  "pins" : [
    {
      "identity" : "grdb.swift",
      "kind" : "remoteSourceControl",
      "location" : "https://github.com/groue/GRDB.swift",
      "state" : {
        "revision" : "b83108d10f42680d78f23fe4d4d80fc88dab3212",
        "version" : "7.11.1"
      }
    },
    {
      "identity" : "parso-audio-engine",
      "kind" : "remoteSourceControl",
      "location" : "https://github.com/johnarleyburns/parso-audio-engine.git",
      "state" : {
        "revision" : "1500f38597106912efd85c12ca5da4b13384fa3b",
        "version" : "1.2.0"
      }
    }
  ],
  "version" : 3
}
