{
  "originHash" : "ed4b2edff32aa9a255b43ce2cf4046d0e83831b64dc4bac1fffdff0971e91053",
  "pins" : [
    {
      "identity" : "grdb.swift",
      "kind" : "remoteSourceControl",
      "location" : "https://github.com/groue/GRDB.swift",
      "state" : {
        "revision" : "b83108d10f42680d78f23fe4d4d80fc88dab3212",
        "version" : "7.11.1"
      }
    },
    {
      "identity" : "parso-audio-engine",
      "kind" : "remoteSourceControl",
      "location" : "https://github.com/johnarleyburns/parso-audio-engine.git",
      "state" : {
        "revision" : "4f9c6fd2c5165faa3fcc8af0bd06b6055313a9f8",
        "version" : "1.1.0"
      }
    }
  ],
  "version" : 3
}
