# Converted Core ML model packages, pinned.
#
# These are build inputs, not source: they are 137–240 MB of converted weights,
# GitHub rejects any file over 100 MB, and committing them made `git push` fail
# outright (the third push blocker, found on 2026-08-17). They are delivered as
# release assets instead and fetched by `scripts/fetch-models.sh`, which is what
# `make models` and the CI archive job run before generating the project.
#
# One row per package:
#
#   <release tag>  <asset name>  <sha256 of the asset>  <directory it unpacks to>
#
# The directory is relative to `Resources/Models/`. The checksum is the contract:
# a mismatch is a hard failure, never a warning, because a silently absent or
# corrupt model would ship as the honest-unavailable state and the first anyone
# would know is a tester reporting that semantic search does nothing.
#
# To publish a new conversion: pack it (`tar -czf <name>.tar.gz <name>`), attach
# it to a new release tag, and update the row. Never edit a published asset in
# place — the tag is what a build resolves against.

models-v1  CLAPAudioEncoder.mlpackage.tar.gz  3f42d8b3b14adeadfc36c5a3e58992651f2dd0de5aae2d6322d6402470e0d10d  CLAPAudioEncoder.mlpackage
models-v1  CLAPTextEncoder.mlpackage.tar.gz   305fe37c860548be1acd4b649fd1589bd3225ec2a91d0e2044a1f8be555fdd36  CLAPTextEncoder.mlpackage
